github.com/bmatcuk/doublestar/v4 v4.9.2 h1:b0mc6WyRSYLjzofB2v/0cuDUZ+MqoGyH3r0dVij35GI=
github.com/bmatcuk/doublestar/v4 v4.9.2/go.mod h1:xBQ8jztBU6kakFMg+8WGxn0c6z1fTSPVIjEY1Wr7jzc=
github.com/bobg/errors v1.1.0 h1:gsVanPzJMpZQpwY+27/GQYElZez5CuMYwiIpk2A3RGw=
github.com/bobg/errors v1.1.0/go.mod h1:Q4775qBZpnte7EGFJqmvnlB1U4pkI1XmU3qxqdp7Zcc=
github.com/broothie/cob v0.1.1 h1:Sbq2wHVJ7flMPYueomNJKGfbViIhAgOu/1wXIut1/4c=
github.com/broothie/cob v0.1.1/go.mod h1:fQUBOUh8y11FB+/bI9QTMtaPOBtf4BV+ronodRg7Q1g=
github.com/broothie/option v0.1.0 h1:5l6qdv9g1Ajxn7821brKVzOZxIjlVB0gA1MU8QbW8Fw=
github.com/broothie/option v0.1.0/go.mod h1:doEn1r1TpaaBJRdHLZlsdjvnrnH0u1WW+FZA018hE2g=
github.com/broothie/test v0.1.3 h1:7ZSbbq7tbJaJI5NlfAJxnl+wM0eaB+43pRQS1aJsYBA=
github.com/broothie/test v0.1.3/go.mod h1:UtkJ5cUfNZkmcy12Y6deu3xxWwNY+VdhHKtbO06nP4I=
github.com/davecgh/go-spew v1.1.1 h1:vj9j/u1bqnvCEfJOwUhtlOARqs3+rkHYY13jYWTU97c=
github.com/davecgh/go-spew v1.1.1/go.mod h1:J7Y8YcW2NihsgmVo/mv3lAwl/skON4iLHjSsI+c5H38=
github.com/kylelemons/godebug v1.1.0 h1:RPNrshWIDI6G2gRW9EHilWtl7Z6Sb1BR0xunSBf0SNc=
github.com/kylelemons/godebug v1.1.0/go.mod h1:9/0rRGxNHcop5bhtWyNeEfOS8JIWk580+fNqagV/RAw=
github.com/pmezard/go-difflib v1.0.0 h1:4DBwDE0NGyQoBHbLQYPwSUPoCMWR5BEzIk/f1lZbAQM=
github.com/pmezard/go-difflib v1.0.0/go.mod h1:iKH77koFhYxTK1pcRnkKkqfTogsbg7gZNVY4sRDYZ/4=
github.com/samber/lo v1.52.0 h1:Rvi+3BFHES3A8meP33VPAxiBZX/Aws5RxrschYGjomw=
github.com/samber/lo v1.52.0/go.mod h1:4+MXEGsJzbKGaUEQFKBq2xtfuznW9oz/WrgyzMzRoM0=
github.com/stretchr/testify v1.11.1 h1:7s2iGBzp5EwR7/aIZr8ao5+dra3wiQyKjjFuvgVKu7U=
github.com/stretchr/testify v1.11.1/go.mod h1:wZwfW3scLgRK+23gO65QZefKpKQRnfz6sD981Nm4B6U=
golang.org/x/sync v0.11.0 h1:GGz8+XQP4FvTTrjZPzNKTMFtSXH80RAzG+5ghFPgK9w=
golang.org/x/sync v0.11.0/go.mod h1:Czt+wKu1gCyEFDUtn0jG5QVvpJ6rzVqr5aXyt9drQfk=
golang.org/x/text v0.22.0 h1:bofq7m3/HAFvbF51jz3Q9wLg3jkvSPuiZu/pD1XwgtM=
golang.org/x/text v0.22.0/go.mod h1:YRoo4H8PVmsu+E3Ou7cqLVH8oXWIHVoX0jqUWALQhfY=
gopkg.in/check.v1 v0.0.0-20161208181325-20d25e280405 h1:yhCVgyC4o1eVCa2tZl7eS0r+SDo693bJlVdllGtEeKM=
gopkg.in/check.v1 v0.0.0-20161208181325-20d25e280405/go.mod h1:Co6ibVJAznAaIkqp8huTwlJQCZ016jof/cbN4VW5Yz0=
gopkg.in/yaml.v3 v3.0.1 h1:fxVm/GzAzEWqLHuvctI91KS9hhNmmWOoWu0XTYJS7CA=
gopkg.in/yaml.v3 v3.0.1/go.mod h1:K4uyk7z7BCEPqu6E+C64Yfv1cQ7kz7rIZviUmN+EgEM=
